
Microsoft Visual Studio Solution File, Format Version 12.00
# Visual Studio Version 17
VisualStudioVersion = 17.11.35303.130
MinimumVisualStudioVersion = 10.0.40219.1
Project("{FAE04EC0-301F-11D3-BF4B-00C04F79EFBC}") = "視窗二CS324_hw1", "視窗二CS324_hw1\視窗二CS324_hw1.csproj", "{590BD1DA-E32D-46B7-9295-4A41558951E7}"
EndProject
Global
	GlobalSection(SolutionConfigurationPlatforms) = preSolution
		Debug|Any CPU = Debug|Any CPU
		Release|Any CPU = Release|Any CPU
	EndGlobalSection
	GlobalSection(ProjectConfigurationPlatforms) = postSolution
		{590BD1DA-E32D-46B7-9295-4A41558951E7}.Debug|Any CPU.ActiveCfg = Debug|Any CPU
		{590BD1DA-E32D-46B7-9295-4A41558951E7}.Debug|Any CPU.Build.0 = Debug|Any CPU
		{590BD1DA-E32D-46B7-9295-4A41558951E7}.Release|Any CPU.ActiveCfg = Release|Any CPU
		{590BD1DA-E32D-46B7-9295-4A41558951E7}.Release|Any CPU.Build.0 = Release|Any CPU
	EndGlobalSection
	GlobalSection(SolutionProperties) = preSolution
		HideSolutionNode = FALSE
	EndGlobalSection
	GlobalSection(ExtensibilityGlobals) = postSolution
		SolutionGuid = {DFE0BA61-B39A-46F8-B263-F12031FBCA48}
	EndGlobalSection
EndGlobal
